// !$*UTF8*$!
{
	archiveVersion = 1;
	classes = {
	};
	objectVersion = 46;
	objects = {

/* Begin PBXBuildFile section */
		C7BF0D7B1C17792C004439C8 /* AppDelegate.swift in Sources */ = {isa = PBXBuildFile; fileRef = C7BF0D7A1C17792C004439C8 /* AppDelegate.swift */; };
		C7BF0D7D1C17792C004439C8 /* ViewController.swift in Sources */ = {isa = PBXBuildFile; fileRef = C7BF0D7C1C17792C004439C8 /* ViewController.swift */; };
		C7BF0D7F1C17792C004439C8 /* Assets.xcassets in Resources */ = {isa = PBXBuildFile; fileRef = C7BF0D7E1C17792C004439C8 /* Assets.xcassets */; };
		C7BF0D821C17792C004439C8 /* Main.storyboard in Resources */ = {isa = PBXBuildFile; fileRef = C7BF0D801C17792C004439C8 /* Main.storyboard */; };
/* End PBXBuildFile section */

/* Begin PBXFileReference section */
		C7BF0D771C17792C004439C8 /* Caddy.app */ = {isa = PBXFileReference; explicitFileType = wrapper.application; includeInIndex = 0; path = Caddy.app; sourceTree = BUILT_PRODUCTS_DIR; };
		C7BF0D7A1C17792C004439C8 /* AppDelegate.swift */ = {isa = PBXFileReference; lastKnownFileType = sourcecode.swift; path = AppDelegate.swift; sourceTree = "<group>"; };
		C7BF0D7C1C17792C004439C8 /* ViewController.swift */ = {isa = PBXFileReference; lastKnownFileType = sourcecode.swift; path = ViewController.swift; sourceTree = "<group>"; };
		C7BF0D7E1C17792C004439C8 /* Assets.xcassets */ = {isa = PBXFileReference; lastKnownFileType = folder.assetcatalog; path = Assets.xcassets; sourceTree = "<group>"; };
		C7BF0D811C17792C004439C8 /* Base */ = {isa = PBXFileReference; lastKnownFileType = file.storyboard; name = Base; path = Base.lproj/Main.storyboard; sourceTree = "<group>"; };
		C7BF0D831C17792C004439C8 /* Info.plist */ = {isa = PBXFileReference; lastKnownFileType = text.plist.xml; path = Info.plist; sourceTree = "<group>"; };
/* End PBXFileReference section */

/* Begin PBXFrameworksBuildPhase section */
		C7BF0D741C17792C004439C8 /* Frameworks */ = {
			isa = PBXFrameworksBuildPhase;
			buildActionMask = 2147483647;
			files = (
			);
			runOnlyForDeploymentPostprocessing = 0;
		};
/* End PBXFrameworksBuildPhase section */

/* Begin PBXGroup section */
		C7BF0D6E1C17792C004439C8 = {
			isa = PBXGroup;
			children = (
				C7BF0D791C17792C004439C8 /* Caddy */,
				C7BF0D781C17792C004439C8 /* Products */,
			);
			sourceTree = "<group>";
		};
		C7BF0D781C17792C004439C8 /* Products */ = {
			isa = PBXGroup;
			children = (
				C7BF0D771C17792C004439C8 /* Caddy.app */,
			);
			name = Products;
			sourceTree = "<group>";
		};
		C7BF0D791C17792C004439C8 /* Caddy */ = {
			isa = PBXGroup;
			children = (
				C7BF0D7A1C17792C004439C8 /* AppDelegate.swift */,
				C7BF0D7C1C17792C004439C8 /* ViewController.swift */,
				C7BF0D7E1C17792C004439C8 /* Assets.xcassets */,
				C7BF0D801C17792C004439C8 /* Main.storyboard */,
				C7BF0D831C17792C004439C8 /* Info.plist */,
			);
			path = Caddy;
			sourceTree = "<group>";
		};
/* End PBXGroup section */

/* Begin PBXNativeTarget section */
		C7BF0D761C17792C004439C8 /* Caddy */ = {
			isa = PBXNativeTarget;
			buildConfigurationList = C7BF0D861C17792C004439C8 /* Build configuration list for PBXNativeTarget "Caddy" */;
			buildPhases = (
				C7BF0D731C17792C004439C8 /* Sources */,
				C7BF0D741C17792C004439C8 /* Frameworks */,
				C7BF0D751C17792C004439C8 /* Resources */,
			);
			buildRules = (
			);
			dependencies = (
			);
			name = Caddy;
			productName = Caddy;
			productReference = C7BF0D771C17792C004439C8 /* Caddy.app */;
			productType = "com.apple.product-type.application";
		};
/* End PBXNativeTarget section */

/* Begin PBXProject section */
		C7BF0D6F1C17792C004439C8 /* Project object */ = {
			isa = PBXProject;
			attributes = {
				LastUpgradeCheck = 0700;
				ORGANIZATIONNAME = DenBeke;
				TargetAttributes = {
					C7BF0D761C17792C004439C8 = {
						CreatedOnToolsVersion = 7.0.1;
					};
				};
			};
			buildConfigurationList = C7BF0D721C17792C004439C8 /* Build configuration list for PBXProject "Caddy" */;
			compatibilityVersion = "Xcode 3.2";
			developmentRegion = English;
			hasScannedForEncodings = 0;
			knownRegions = (
				en,
				Base,
			);
			mainGroup = C7BF0D6E1C17792C004439C8;
			productRefGroup = C7BF0D781C17792C004439C8 /* Products */;
			projectDirPath = "";
			projectRoot = "";
			targets = (
				C7BF0D761C17792C004439C8 /* Caddy */,
			);
		};
/* End PBXProject section */

/* Begin PBXResourcesBuildPhase section */
		C7BF0D751C17792C004439C8 /* Resources */ = {
			isa = PBXResourcesBuildPhase;
			buildActionMask = 2147483647;
			files = (
				C7BF0D7F1C17792C004439C8 /* Assets.xcassets in Resources */,
				C7BF0D821C17792C004439C8 /* Main.storyboard in Resources */,
			);
			runOnlyForDeploymentPostprocessing = 0;
		};
/* End PBXResourcesBuildPhase section */

/* Begin PBXSourcesBuildPhase section */
		C7BF0D731C17792C004439C8 /* Sources */ = {
			isa = PBXSourcesBuildPhase;
			buildActionMask = 2147483647;
			files = (
				C7BF0D7D1C17792C004439C8 /* ViewController.swift in Sources */,
				C7BF0D7B1C17792C004439C8 /* AppDelegate.swift in Sources */,
			);
			runOnlyForDeploymentPostprocessing = 0;
		};
/* End PBXSourcesBuildPhase section */

/* Begin PBXVariantGroup section */
		C7BF0D801C17792C004439C8 /* Main.storyboard */ = {
			isa = PBXVariantGroup;
			children = (
				C7BF0D811C17792C004439C8 /* Base */,
			);
			name = Main.storyboard;
			sourceTree = "<group>";
		};
/* End PBXVariantGroup section */

/* Begin XCBuildConfiguration section */
		C7BF0D841C17792C004439C8 /* Debug */ = {
			isa = XCBuildConfiguration;
			buildSettings = {
				ALWAYS_SEARCH_USER_PATHS = NO;
				CLANG_CXX_LANGUAGE_STANDARD = "gnu++0x";
				CLANG_CXX_LIBRARY = "libc++";
				CLANG_ENABLE_MODULES = YES;
				CLANG_ENABLE_OBJC_ARC = YES;
				CLANG_WARN_BOOL_CONVERSION = YES;
				CLANG_WARN_CONSTANT_CONVERSION = YES;
				CLANG_WARN_DIRECT_OBJC_ISA_USAGE = YES_ERROR;
				CLANG_WARN_EMPTY_BODY = YES;
				CLANG_WARN_ENUM_CONVERSION = YES;
				CLANG_WARN_INT_CONVERSION = YES;
				CLANG_WARN_OBJC_ROOT_CLASS = YES_ERROR;
				CLANG_WARN_UNREACHABLE_CODE = YES;
				CLANG_WARN__DUPLICATE_METHOD_MATCH = YES;
				CODE_SIGN_IDENTITY = "-";
				COPY_PHASE_STRIP = NO;
				DEBUG_INFORMATION_FORMAT = dwarf;
				ENABLE_STRICT_OBJC_MSGSEND = YES;
				ENABLE_TESTABILITY = YES;
				GCC_C_LANGUAGE_STANDARD = gnu99;
				GCC_DYNAMIC_NO_PIC = NO;
				GCC_NO_COMMON_BLOCKS = YES;
				GCC_OPTIMIZATION_LEVEL = 0;
				GCC_PREPROCESSOR_DEFINITIONS = (
					"DEBUG=1",
					"$(inherited)",
				);
				GCC_WARN_64_TO_32_BIT_CONVERSION = YES;
				GCC_WARN_ABOUT_RETURN_TYPE = YES_ERROR;
				GCC_WARN_UNDECLARED_SELECTOR = YES;
				GCC_WARN_UNINITIALIZED_AUTOS = YES_AGGRESSIVE;
				GCC_WARN_UNUSED_FUNCTION = YES;
				GCC_WARN_UNUSED_VARIABLE = YES;
				MACOSX_DEPLOYMENT_TARGET = 10.11;
				MTL_ENABLE_DEBUG_INFO = YES;
				ONLY_ACTIVE_ARCH = YES;
				SDKROOT = macosx;
				SWIFT_OPTIMIZATION_LEVEL = "-Onone";
			};
			name = Debug;
		};
		C7BF0D851C17792C004439C8 /* Release */ = {
			isa = XCBuildConfiguration;
			buildSettings = {
				ALWAYS_SEARCH_USER_PATHS = NO;
				CLANG_CXX_LANGUAGE_STANDARD = "gnu++0x";
				CLANG_CXX_LIBRARY = "libc++";
				CLANG_ENABLE_MODULES = YES;
				CLANG_ENABLE_OBJC_ARC = YES;
				CLANG_WARN_BOOL_CONVERSION = YES;
				CLANG_WARN_CONSTANT_CONVERSION = YES;
				CLANG_WARN_DIRECT_OBJC_ISA_USAGE = YES_ERROR;
				CLANG_WARN_EMPTY_BODY = YES;
				CLANG_WARN_ENUM_CONVERSION = YES;
				CLANG_WARN_INT_CONVERSION = YES;
				CLANG_WARN_OBJC_ROOT_CLASS = YES_ERROR;
				CLANG_WARN_UNREACHABLE_CODE = YES;
				CLANG_WARN__DUPLICATE_METHOD_MATCH = YES;
				CODE_SIGN_IDENTITY = "-";
				COPY_PHASE_STRIP = NO;
				DEBUG_INFORMATION_FORMAT = "dwarf-with-dsym";
				ENABLE_NS_ASSERTIONS = NO;
				ENABLE_STRICT_OBJC_MSGSEND = YES;
				GCC_C_LANGUAGE_STANDARD = gnu99;
				GCC_NO_COMMON_BLOCKS = YES;
				GCC_WARN_64_TO_32_BIT_CONVERSION = YES;
				GCC_WARN_ABOUT_RETURN_TYPE = YES_ERROR;
				GCC_WARN_UNDECLARED_SELECTOR = YES;
				GCC_WARN_UNINITIALIZED_AUTOS = YES_AGGRESSIVE;
				GCC_WARN_UNUSED_FUNCTION = YES;
				GCC_WARN_UNUSED_VARIABLE = YES;
				MACOSX_DEPLOYMENT_TARGET = 10.11;
				MTL_ENABLE_DEBUG_INFO = NO;
				SDKROOT = macosx;
			};
			name = Release;
		};
		C7BF0D871C17792C004439C8 /* Debug */ = {
			isa = XCBuildConfiguration;
			buildSettings = {
				ASSETCATALOG_COMPILER_APPICON_NAME = AppIcon;
				COMBINE_HIDPI_IMAGES = YES;
				INFOPLIST_FILE = Caddy/Info.plist;
				LD_RUNPATH_SEARCH_PATHS = "$(inherited) @executable_path/../Frameworks";
				PRODUCT_BUNDLE_IDENTIFIER = denbeke.Caddy;
				PRODUCT_NAME = "$(TARGET_NAME)";
			};
			name = Debug;
		};
		C7BF0D881C17792C004439C8 /* Release */ = {
			isa = XCBuildConfiguration;
			buildSettings = {
				ASSETCATALOG_COMPILER_APPICON_NAME = AppIcon;
				COMBINE_HIDPI_IMAGES = YES;
				INFOPLIST_FILE = Caddy/Info.plist;
				LD_RUNPATH_SEARCH_PATHS = "$(inherited) @executable_path/../Frameworks";
				PRODUCT_BUNDLE_IDENTIFIER = denbeke.Caddy;
				PRODUCT_NAME = "$(TARGET_NAME)";
			};
			name = Release;
		};
/* End XCBuildConfiguration section */

/* Begin XCConfigurationList section */
		C7BF0D721C17792C004439C8 /* Build configuration list for PBXProject "Caddy" */ = {
			isa = XCConfigurationList;
			buildConfigurations = (
				C7BF0D841C17792C004439C8 /* Debug */,
				C7BF0D851C17792C004439C8 /* Release */,
			);
			defaultConfigurationIsVisible = 0;
			defaultConfigurationName = Release;
		};
		C7BF0D861C17792C004439C8 /* Build configuration list for PBXNativeTarget "Caddy" */ = {
			isa = XCConfigurationList;
			buildConfigurations = (
				C7BF0D871C17792C004439C8 /* Debug */,
				C7BF0D881C17792C004439C8 /* Release */,
			);
			defaultConfigurationIsVisible = 0;
		};
/* End XCConfigurationList section */
	};
	rootObject = C7BF0D6F1C17792C004439C8 /* Project object */;
}
